// !$*UTF8*$!
{
	archiveVersion = 1;
	classes = {
	};
	objectVersion = 77;
	objects = {

/* Begin PBXBuildFile section */
		4DF2361BE880773F988B7135 /* Pods_YoutubeTests.framework in Frameworks */ = {isa = PBXBuildFile; fileRef = D71CC3302F542C9094A30536 /* Pods_YoutubeTests.framework */; };
		94623482AB8E2CC65C1FA478 /* Pods_YoutubeUITests.framework in Frameworks */ = {isa = PBXBuildFile; fileRef = BB88F7339C527F29A8CF6C18 /* Pods_YoutubeUITests.framework */; };
		B2343FE32DBD078F00E7A24A /* HomeViewController.xib in Resources */ = {isa = PBXBuildFile; fileRef = B2343FD32DBD078F00E7A24A /* HomeViewController.xib */; };
		B2343FE42DBD078F00E7A24A /* Assets.xcassets in Resources */ = {isa = PBXBuildFile; fileRef = B2343FD82DBD078F00E7A24A /* Assets.xcassets */; };
		B2343FE52DBD078F00E7A24A /* LaunchScreen.storyboard in Resources */ = {isa = PBXBuildFile; fileRef = B2343FDA2DBD078F00E7A24A /* LaunchScreen.storyboard */; };
		B2343FE62DBD078F00E7A24A /* YoutubeTableViewCell.xib in Resources */ = {isa = PBXBuildFile; fileRef = B2343FDB2DBD078F00E7A24A /* YoutubeTableViewCell.xib */; };
		B2343FE82DBD078F00E7A24A /* AppDelegate.swift in Sources */ = {isa = PBXBuildFile; fileRef = B2343FCC2DBD078F00E7A24A /* AppDelegate.swift */; };
		B2343FE92DBD078F00E7A24A /* SceneDelegate.swift in Sources */ = {isa = PBXBuildFile; fileRef = B2343FCD2DBD078F00E7A24A /* SceneDelegate.swift */; };
		B2343FEA2DBD078F00E7A24A /* DetailViewController.swift in Sources */ = {isa = PBXBuildFile; fileRef = B2343FD02DBD078F00E7A24A /* DetailViewController.swift */; };
		B2343FEB2DBD078F00E7A24A /* HomeViewController.swift in Sources */ = {isa = PBXBuildFile; fileRef = B2343FD22DBD078F00E7A24A /* HomeViewController.swift */; };
		B2343FEC2DBD078F00E7A24A /* Video.swift in Sources */ = {isa = PBXBuildFile; fileRef = B2343FD62DBD078F00E7A24A /* Video.swift */; };
		B2343FED2DBD078F00E7A24A /* Constants.swift in Sources */ = {isa = PBXBuildFile; fileRef = B2343FDD2DBD078F00E7A24A /* Constants.swift */; };
		B2343FEE2DBD078F00E7A24A /* Model.swift in Sources */ = {isa = PBXBuildFile; fileRef = B2343FDF2DBD078F00E7A24A /* Model.swift */; };
		B2343FEF2DBD078F00E7A24A /* Response.swift in Sources */ = {isa = PBXBuildFile; fileRef = B2343FE02DBD078F00E7A24A /* Response.swift */; };
		B2343FF02DBD078F00E7A24A /* YoutubeTableViewCell.swift in Sources */ = {isa = PBXBuildFile; fileRef = B2343FE12DBD078F00E7A24A /* YoutubeTableViewCell.swift */; };
		B23440092DBE833F00E7A24A /* GoogleService-Info.plist in Resources */ = {isa = PBXBuildFile; fileRef = B23440082DBE833F00E7A24A /* GoogleService-Info.plist */; };
		B24925D72DBE86150072E556 /* LoginViewController.swift in Sources */ = {isa = PBXBuildFile; fileRef = B24925D62DBE860F0072E556 /* LoginViewController.swift */; };
		B24925D92DBE87620072E556 /* RegisterViewController.swift in Sources */ = {isa = PBXBuildFile; fileRef = B24925D82DBE87600072E556 /* RegisterViewController.swift */; };
		EA66B2C0E8B0EE7C9C593FFF /* Pods_Youtube.framework in Frameworks */ = {isa = PBXBuildFile; fileRef = 8D2E13CFB5E7E756A3770713 /* Pods_Youtube.framework */; };
/* End PBXBuildFile section */

/* Begin PBXContainerItemProxy section */
		B2343F702DBCA22200E7A24A /* PBXContainerItemProxy */ = {
			isa = PBXContainerItemProxy;
			containerPortal = B2343F512DBCA22000E7A24A /* Project object */;
			proxyType = 1;
			remoteGlobalIDString = B2343F582DBCA22000E7A24A;
			remoteInfo = Youtube;
		};
		B2343F7A2DBCA22200E7A24A /* PBXContainerItemProxy */ = {
			isa = PBXContainerItemProxy;
			containerPortal = B2343F512DBCA22000E7A24A /* Project object */;
			proxyType = 1;
			remoteGlobalIDString = B2343F582DBCA22000E7A24A;
			remoteInfo = Youtube;
		};
/* End PBXContainerItemProxy section */

/* Begin PBXFileReference section */
		1FB208FC6197495ED7517130 /* Pods-YoutubeUITests.debug.xcconfig */ = {isa = PBXFileReference; includeInIndex = 1; lastKnownFileType = text.xcconfig; name = "Pods-YoutubeUITests.debug.xcconfig"; path = "Target Support Files/Pods-YoutubeUITests/Pods-YoutubeUITests.debug.xcconfig"; sourceTree = "<group>"; };
		40357DD057C5937BFD867299 /* Pods-Youtube.release.xcconfig */ = {isa = PBXFileReference; includeInIndex = 1; lastKnownFileType = text.xcconfig; name = "Pods-Youtube.release.xcconfig"; path = "Target Support Files/Pods-Youtube/Pods-Youtube.release.xcconfig"; sourceTree = "<group>"; };
		4A1DC8546A1DAB662AB629E3 /* Pods-Youtube-YoutubeUITests.debug.xcconfig */ = {isa = PBXFileReference; includeInIndex = 1; lastKnownFileType = text.xcconfig; name = "Pods-Youtube-YoutubeUITests.debug.xcconfig"; path = "Target Support Files/Pods-Youtube-YoutubeUITests/Pods-Youtube-YoutubeUITests.debug.xcconfig"; sourceTree = "<group>"; };
		56F518B35642EB692ABB6A2F /* Pods-Youtube-YoutubeUITests.release.xcconfig */ = {isa = PBXFileReference; includeInIndex = 1; lastKnownFileType = text.xcconfig; name = "Pods-Youtube-YoutubeUITests.release.xcconfig"; path = "Target Support Files/Pods-Youtube-YoutubeUITests/Pods-Youtube-YoutubeUITests.release.xcconfig"; sourceTree = "<group>"; };
		7B25845EBAB8836B0B9300EB /* Pods-Youtube.debug.xcconfig */ = {isa = PBXFileReference; includeInIndex = 1; lastKnownFileType = text.xcconfig; name = "Pods-Youtube.debug.xcconfig"; path = "Target Support Files/Pods-Youtube/Pods-Youtube.debug.xcconfig"; sourceTree = "<group>"; };
		8D2E13CFB5E7E756A3770713 /* Pods_Youtube.framework */ = {isa = PBXFileReference; explicitFileType = wrapper.framework; includeInIndex = 0; path = Pods_Youtube.framework; sourceTree = BUILT_PRODUCTS_DIR; };
		B2343F592DBCA22000E7A24A /* Youtube.app */ = {isa = PBXFileReference; explicitFileType = wrapper.application; includeInIndex = 0; path = Youtube.app; sourceTree = BUILT_PRODUCTS_DIR; };
		B2343F6F2DBCA22200E7A24A /* YoutubeTests.xctest */ = {isa = PBXFileReference; explicitFileType = wrapper.cfbundle; includeInIndex = 0; path = YoutubeTests.xctest; sourceTree = BUILT_PRODUCTS_DIR; };
		B2343F792DBCA22200E7A24A /* YoutubeUITests.xctest */ = {isa = PBXFileReference; explicitFileType = wrapper.cfbundle; includeInIndex = 0; path = YoutubeUITests.xctest; sourceTree = BUILT_PRODUCTS_DIR; };
		B2343FCC2DBD078F00E7A24A /* AppDelegate.swift */ = {isa = PBXFileReference; lastKnownFileType = sourcecode.swift; path = AppDelegate.swift; sourceTree = "<group>"; };
		B2343FCD2DBD078F00E7A24A /* SceneDelegate.swift */ = {isa = PBXFileReference; lastKnownFileType = sourcecode.swift; path = SceneDelegate.swift; sourceTree = "<group>"; };
		B2343FD02DBD078F00E7A24A /* DetailViewController.swift */ = {isa = PBXFileReference; lastKnownFileType = sourcecode.swift; path = DetailViewController.swift; sourceTree = "<group>"; };
		B2343FD22DBD078F00E7A24A /* HomeViewController.swift */ = {isa = PBXFileReference; lastKnownFileType = sourcecode.swift; path = HomeViewController.swift; sourceTree = "<group>"; };
		B2343FD32DBD078F00E7A24A /* HomeViewController.xib */ = {isa = PBXFileReference; lastKnownFileType = file.xib; path = HomeViewController.xib; sourceTree = "<group>"; };
		B2343FD62DBD078F00E7A24A /* Video.swift */ = {isa = PBXFileReference; lastKnownFileType = sourcecode.swift; path = Video.swift; sourceTree = "<group>"; };
		B2343FD82DBD078F00E7A24A /* Assets.xcassets */ = {isa = PBXFileReference; lastKnownFileType = folder.assetcatalog; path = Assets.xcassets; sourceTree = "<group>"; };
		B2343FD92DBD078F00E7A24A /* Base */ = {isa = PBXFileReference; lastKnownFileType = file.storyboard; name = Base; path = Base.lproj/LaunchScreen.storyboard; sourceTree = "<group>"; };
		B2343FDB2DBD078F00E7A24A /* YoutubeTableViewCell.xib */ = {isa = PBXFileReference; lastKnownFileType = file.xib; path = YoutubeTableViewCell.xib; sourceTree = "<group>"; };
		B2343FDD2DBD078F00E7A24A /* Constants.swift */ = {isa = PBXFileReference; lastKnownFileType = sourcecode.swift; path = Constants.swift; sourceTree = "<group>"; };
		B2343FDE2DBD078F00E7A24A /* Info.plist */ = {isa = PBXFileReference; lastKnownFileType = text.plist.xml; path = Info.plist; sourceTree = "<group>"; };
		B2343FDF2DBD078F00E7A24A /* Model.swift */ = {isa = PBXFileReference; lastKnownFileType = sourcecode.swift; path = Model.swift; sourceTree = "<group>"; };
		B2343FE02DBD078F00E7A24A /* Response.swift */ = {isa = PBXFileReference; lastKnownFileType = sourcecode.swift; path = Response.swift; sourceTree = "<group>"; };
		B2343FE12DBD078F00E7A24A /* YoutubeTableViewCell.swift */ = {isa = PBXFileReference; lastKnownFileType = sourcecode.swift; path = YoutubeTableViewCell.swift; sourceTree = "<group>"; };
		B23440082DBE833F00E7A24A /* GoogleService-Info.plist */ = {isa = PBXFileReference; lastKnownFileType = text.plist.xml; path = "GoogleService-Info.plist"; sourceTree = "<group>"; };
		B24925D62DBE860F0072E556 /* LoginViewController.swift */ = {isa = PBXFileReference; lastKnownFileType = sourcecode.swift; path = LoginViewController.swift; sourceTree = "<group>"; };
		B24925D82DBE87600072E556 /* RegisterViewController.swift */ = {isa = PBXFileReference; lastKnownFileType = sourcecode.swift; path = RegisterViewController.swift; sourceTree = "<group>"; };
		BB88F7339C527F29A8CF6C18 /* Pods_YoutubeUITests.framework */ = {isa = PBXFileReference; explicitFileType = wrapper.framework; includeInIndex = 0; path = Pods_YoutubeUITests.framework; sourceTree = BUILT_PRODUCTS_DIR; };
		CEDBFEDBF591720EA30FF210 /* Pods-YoutubeUITests.release.xcconfig */ = {isa = PBXFileReference; includeInIndex = 1; lastKnownFileType = text.xcconfig; name = "Pods-YoutubeUITests.release.xcconfig"; path = "Target Support Files/Pods-YoutubeUITests/Pods-YoutubeUITests.release.xcconfig"; sourceTree = "<group>"; };
		D71CC3302F542C9094A30536 /* Pods_YoutubeTests.framework */ = {isa = PBXFileReference; explicitFileType = wrapper.framework; includeInIndex = 0; path = Pods_YoutubeTests.framework; sourceTree = BUILT_PRODUCTS_DIR; };
		F2782801857AFC9995957086 /* Pods-YoutubeTests.release.xcconfig */ = {isa = PBXFileReference; includeInIndex = 1; lastKnownFileType = text.xcconfig; name = "Pods-YoutubeTests.release.xcconfig"; path = "Target Support Files/Pods-YoutubeTests/Pods-YoutubeTests.release.xcconfig"; sourceTree = "<group>"; };
		FA935F864F203FAAB9E976F0 /* Pods-YoutubeTests.debug.xcconfig */ = {isa = PBXFileReference; includeInIndex = 1; lastKnownFileType = text.xcconfig; name = "Pods-YoutubeTests.debug.xcconfig"; path = "Target Support Files/Pods-YoutubeTests/Pods-YoutubeTests.debug.xcconfig"; sourceTree = "<group>"; };
/* End PBXFileReference section */

/* Begin PBXFileSystemSynchronizedRootGroup section */
		B2343F722DBCA22200E7A24A /* YoutubeTests */ = {
			isa = PBXFileSystemSynchronizedRootGroup;
			path = YoutubeTests;
			sourceTree = "<group>";
		};
		B2343F7C2DBCA22200E7A24A /* YoutubeUITests */ = {
			isa = PBXFileSystemSynchronizedRootGroup;
			path = YoutubeUITests;
			sourceTree = "<group>";
		};
/* End PBXFileSystemSynchronizedRootGroup section */

/* Begin PBXFrameworksBuildPhase section */
		B2343F562DBCA22000E7A24A /* Frameworks */ = {
			isa = PBXFrameworksBuildPhase;
			buildActionMask = 2147483647;
			files = (
				EA66B2C0E8B0EE7C9C593FFF /* Pods_Youtube.framework in Frameworks */,
			);
			runOnlyForDeploymentPostprocessing = 0;
		};
		B2343F6C2DBCA22200E7A24A /* Frameworks */ = {
			isa = PBXFrameworksBuildPhase;
			buildActionMask = 2147483647;
			files = (
				4DF2361BE880773F988B7135 /* Pods_YoutubeTests.framework in Frameworks */,
			);
			runOnlyForDeploymentPostprocessing = 0;
		};
		B2343F762DBCA22200E7A24A /* Frameworks */ = {
			isa = PBXFrameworksBuildPhase;
			buildActionMask = 2147483647;
			files = (
				94623482AB8E2CC65C1FA478 /* Pods_YoutubeUITests.framework in Frameworks */,
			);
			runOnlyForDeploymentPostprocessing = 0;
		};
/* End PBXFrameworksBuildPhase section */

/* Begin PBXGroup section */
		5C55DC7306D20215678D0637 /* Pods */ = {
			isa = PBXGroup;
			children = (
				7B25845EBAB8836B0B9300EB /* Pods-Youtube.debug.xcconfig */,
				40357DD057C5937BFD867299 /* Pods-Youtube.release.xcconfig */,
				4A1DC8546A1DAB662AB629E3 /* Pods-Youtube-YoutubeUITests.debug.xcconfig */,
				56F518B35642EB692ABB6A2F /* Pods-Youtube-YoutubeUITests.release.xcconfig */,
				FA935F864F203FAAB9E976F0 /* Pods-YoutubeTests.debug.xcconfig */,
				F2782801857AFC9995957086 /* Pods-YoutubeTests.release.xcconfig */,
				1FB208FC6197495ED7517130 /* Pods-YoutubeUITests.debug.xcconfig */,
				CEDBFEDBF591720EA30FF210 /* Pods-YoutubeUITests.release.xcconfig */,
			);
			path = Pods;
			sourceTree = "<group>";
		};
		61119EC8D3572158CE96A08E /* Frameworks */ = {
			isa = PBXGroup;
			children = (
				8D2E13CFB5E7E756A3770713 /* Pods_Youtube.framework */,
				D71CC3302F542C9094A30536 /* Pods_YoutubeTests.framework */,
				BB88F7339C527F29A8CF6C18 /* Pods_YoutubeUITests.framework */,
			);
			name = Frameworks;
			sourceTree = "<group>";
		};
		B2343F502DBCA22000E7A24A = {
			isa = PBXGroup;
			children = (
				B2343FE22DBD078F00E7A24A /* Youtube */,
				B2343F722DBCA22200E7A24A /* YoutubeTests */,
				B2343F7C2DBCA22200E7A24A /* YoutubeUITests */,
				B2343F5A2DBCA22000E7A24A /* Products */,
				5C55DC7306D20215678D0637 /* Pods */,
				61119EC8D3572158CE96A08E /* Frameworks */,
			);
			sourceTree = "<group>";
		};
		B2343F5A2DBCA22000E7A24A /* Products */ = {
			isa = PBXGroup;
			children = (
				B2343F592DBCA22000E7A24A /* Youtube.app */,
				B2343F6F2DBCA22200E7A24A /* YoutubeTests.xctest */,
				B2343F792DBCA22200E7A24A /* YoutubeUITests.xctest */,
			);
			name = Products;
			sourceTree = "<group>";
		};
		B2343FCE2DBD078F00E7A24A /* App */ = {
			isa = PBXGroup;
			children = (
				B2343FCC2DBD078F00E7A24A /* AppDelegate.swift */,
				B2343FCD2DBD078F00E7A24A /* SceneDelegate.swift */,
			);
			path = App;
			sourceTree = "<group>";
		};
		B2343FD12DBD078F00E7A24A /* Detail */ = {
			isa = PBXGroup;
			children = (
				B2343FD02DBD078F00E7A24A /* DetailViewController.swift */,
			);
			path = Detail;
			sourceTree = "<group>";
		};
		B2343FD42DBD078F00E7A24A /* Home */ = {
			isa = PBXGroup;
			children = (
				B2343FD22DBD078F00E7A24A /* HomeViewController.swift */,
				B2343FD32DBD078F00E7A24A /* HomeViewController.xib */,
			);
			path = Home;
			sourceTree = "<group>";
		};
		B2343FD52DBD078F00E7A24A /* Controllers */ = {
			isa = PBXGroup;
			children = (
				B24925D52DBE85CF0072E556 /* Authentic */,
				B2343FD42DBD078F00E7A24A /* Home */,
				B2343FD12DBD078F00E7A24A /* Detail */,
			);
			path = Controllers;
			sourceTree = "<group>";
		};
		B2343FDC2DBD078F00E7A24A /* Resource */ = {
			isa = PBXGroup;
			children = (
				B2343FD82DBD078F00E7A24A /* Assets.xcassets */,
				B2343FDA2DBD078F00E7A24A /* LaunchScreen.storyboard */,
			);
			path = Resource;
			sourceTree = "<group>";
		};
		B2343FE22DBD078F00E7A24A /* Youtube */ = {
			isa = PBXGroup;
			children = (
				B2343FCE2DBD078F00E7A24A /* App */,
				B2343FDC2DBD078F00E7A24A /* Resource */,
				B2343FF12DBD07A800E7A24A /* Models */,
				B2343FF42DBD08A400E7A24A /* Views */,
				B2343FD52DBD078F00E7A24A /* Controllers */,
				B2343FDE2DBD078F00E7A24A /* Info.plist */,
				B23440082DBE833F00E7A24A /* GoogleService-Info.plist */,
			);
			path = Youtube;
			sourceTree = "<group>";
		};
		B2343FF12DBD07A800E7A24A /* Models */ = {
			isa = PBXGroup;
			children = (
				B2343FDD2DBD078F00E7A24A /* Constants.swift */,
				B2343FD62DBD078F00E7A24A /* Video.swift */,
				B2343FDF2DBD078F00E7A24A /* Model.swift */,
				B2343FE02DBD078F00E7A24A /* Response.swift */,
			);
			path = Models;
			sourceTree = "<group>";
		};
		B2343FF42DBD08A400E7A24A /* Views */ = {
			isa = PBXGroup;
			children = (
				B2343FE12DBD078F00E7A24A /* YoutubeTableViewCell.swift */,
				B2343FDB2DBD078F00E7A24A /* YoutubeTableViewCell.xib */,
			);
			path = Views;
			sourceTree = "<group>";
		};
		B24925D52DBE85CF0072E556 /* Authentic */ = {
			isa = PBXGroup;
			children = (
				B24925D82DBE87600072E556 /* RegisterViewController.swift */,
				B24925D62DBE860F0072E556 /* LoginViewController.swift */,
			);
			path = Authentic;
			sourceTree = "<group>";
		};
/* End PBXGroup section */

/* Begin PBXNativeTarget section */
		B2343F582DBCA22000E7A24A /* Youtube */ = {
			isa = PBXNativeTarget;
			buildConfigurationList = B2343F822DBCA22200E7A24A /* Build configuration list for PBXNativeTarget "Youtube" */;
			buildPhases = (
				02BD879243218202593CE550 /* [CP] Check Pods Manifest.lock */,
				B2343F552DBCA22000E7A24A /* Sources */,
				B2343F562DBCA22000E7A24A /* Frameworks */,
				B2343F572DBCA22000E7A24A /* Resources */,
				7A123D73B42C64DD06054B08 /* [CP] Embed Pods Frameworks */,
			);
			buildRules = (
			);
			dependencies = (
			);
			name = Youtube;
			productName = Youtube;
			productReference = B2343F592DBCA22000E7A24A /* Youtube.app */;
			productType = "com.apple.product-type.application";
		};
		B2343F6E2DBCA22200E7A24A /* YoutubeTests */ = {
			isa = PBXNativeTarget;
			buildConfigurationList = B2343F872DBCA22200E7A24A /* Build configuration list for PBXNativeTarget "YoutubeTests" */;
			buildPhases = (
				A1CF1745E3BF3A38A7F27DEF /* [CP] Check Pods Manifest.lock */,
				B2343F6B2DBCA22200E7A24A /* Sources */,
				B2343F6C2DBCA22200E7A24A /* Frameworks */,
				B2343F6D2DBCA22200E7A24A /* Resources */,
			);
			buildRules = (
			);
			dependencies = (
				B2343F712DBCA22200E7A24A /* PBXTargetDependency */,
			);
			fileSystemSynchronizedGroups = (
				B2343F722DBCA22200E7A24A /* YoutubeTests */,
			);
			name = YoutubeTests;
			productName = YoutubeTests;
			productReference = B2343F6F2DBCA22200E7A24A /* YoutubeTests.xctest */;
			productType = "com.apple.product-type.bundle.unit-test";
		};
		B2343F782DBCA22200E7A24A /* YoutubeUITests */ = {
			isa = PBXNativeTarget;
			buildConfigurationList = B2343F8A2DBCA22200E7A24A /* Build configuration list for PBXNativeTarget "YoutubeUITests" */;
			buildPhases = (
				192F9F2E64FE2B31D78F319C /* [CP] Check Pods Manifest.lock */,
				B2343F752DBCA22200E7A24A /* Sources */,
				B2343F762DBCA22200E7A24A /* Frameworks */,
				B2343F772DBCA22200E7A24A /* Resources */,
			);
			buildRules = (
			);
			dependencies = (
				B2343F7B2DBCA22200E7A24A /* PBXTargetDependency */,
			);
			fileSystemSynchronizedGroups = (
				B2343F7C2DBCA22200E7A24A /* YoutubeUITests */,
			);
			name = YoutubeUITests;
			productName = YoutubeUITests;
			productReference = B2343F792DBCA22200E7A24A /* YoutubeUITests.xctest */;
			productType = "com.apple.product-type.bundle.ui-testing";
		};
/* End PBXNativeTarget section */

/* Begin PBXProject section */
		B2343F512DBCA22000E7A24A /* Project object */ = {
			isa = PBXProject;
			attributes = {
				BuildIndependentTargetsInParallel = 1;
				LastSwiftUpdateCheck = 1620;
				LastUpgradeCheck = 1620;
				TargetAttributes = {
					B2343F582DBCA22000E7A24A = {
						CreatedOnToolsVersion = 16.2;
					};
					B2343F6E2DBCA22200E7A24A = {
						CreatedOnToolsVersion = 16.2;
						TestTargetID = B2343F582DBCA22000E7A24A;
					};
					B2343F782DBCA22200E7A24A = {
						CreatedOnToolsVersion = 16.2;
						TestTargetID = B2343F582DBCA22000E7A24A;
					};
				};
			};
			buildConfigurationList = B2343F542DBCA22000E7A24A /* Build configuration list for PBXProject "Youtube" */;
			developmentRegion = en;
			hasScannedForEncodings = 0;
			knownRegions = (
				en,
				Base,
			);
			mainGroup = B2343F502DBCA22000E7A24A;
			minimizedProjectReferenceProxies = 1;
			preferredProjectObjectVersion = 77;
			productRefGroup = B2343F5A2DBCA22000E7A24A /* Products */;
			projectDirPath = "";
			projectRoot = "";
			targets = (
				B2343F582DBCA22000E7A24A /* Youtube */,
				B2343F6E2DBCA22200E7A24A /* YoutubeTests */,
				B2343F782DBCA22200E7A24A /* YoutubeUITests */,
			);
		};
/* End PBXProject section */

/* Begin PBXResourcesBuildPhase section */
		B2343F572DBCA22000E7A24A /* Resources */ = {
			isa = PBXResourcesBuildPhase;
			buildActionMask = 2147483647;
			files = (
				B2343FE32DBD078F00E7A24A /* HomeViewController.xib in Resources */,
				B2343FE42DBD078F00E7A24A /* Assets.xcassets in Resources */,
				B23440092DBE833F00E7A24A /* GoogleService-Info.plist in Resources */,
				B2343FE52DBD078F00E7A24A /* LaunchScreen.storyboard in Resources */,
				B2343FE62DBD078F00E7A24A /* YoutubeTableViewCell.xib in Resources */,
			);
			runOnlyForDeploymentPostprocessing = 0;
		};
		B2343F6D2DBCA22200E7A24A /* Resources */ = {
			isa = PBXResourcesBuildPhase;
			buildActionMask = 2147483647;
			files = (
			);
			runOnlyForDeploymentPostprocessing = 0;
		};
		B2343F772DBCA22200E7A24A /* Resources */ = {
			isa = PBXResourcesBuildPhase;
			buildActionMask = 2147483647;
			files = (
			);
			runOnlyForDeploymentPostprocessing = 0;
		};
/* End PBXResourcesBuildPhase section */

/* Begin PBXShellScriptBuildPhase section */
		02BD879243218202593CE550 /* [CP] Check Pods Manifest.lock */ = {
			isa = PBXShellScriptBuildPhase;
			buildActionMask = 2147483647;
			files = (
			);
			inputFileListPaths = (
			);
			inputPaths = (
				"${PODS_PODFILE_DIR_PATH}/Podfile.lock",
				"${PODS_ROOT}/Manifest.lock",
			);
			name = "[CP] Check Pods Manifest.lock";
			outputFileListPaths = (
			);
			outputPaths = (
				"$(DERIVED_FILE_DIR)/Pods-Youtube-checkManifestLockResult.txt",
			);
			runOnlyForDeploymentPostprocessing = 0;
			shellPath = /bin/sh;
			shellScript = "diff \"${PODS_PODFILE_DIR_PATH}/Podfile.lock\" \"${PODS_ROOT}/Manifest.lock\" > /dev/null\nif [ $? != 0 ] ; then\n    # print error to STDERR\n    echo \"error: The sandbox is not in sync with the Podfile.lock. Run 'pod install' or update your CocoaPods installation.\" >&2\n    exit 1\nfi\n# This output is used by Xcode 'outputs' to avoid re-running this script phase.\necho \"SUCCESS\" > \"${SCRIPT_OUTPUT_FILE_0}\"\n";
			showEnvVarsInLog = 0;
		};
		192F9F2E64FE2B31D78F319C /* [CP] Check Pods Manifest.lock */ = {
			isa = PBXShellScriptBuildPhase;
			buildActionMask = 2147483647;
			files = (
			);
			inputFileListPaths = (
			);
			inputPaths = (
				"${PODS_PODFILE_DIR_PATH}/Podfile.lock",
				"${PODS_ROOT}/Manifest.lock",
			);
			name = "[CP] Check Pods Manifest.lock";
			outputFileListPaths = (
			);
			outputPaths = (
				"$(DERIVED_FILE_DIR)/Pods-YoutubeUITests-checkManifestLockResult.txt",
			);
			runOnlyForDeploymentPostprocessing = 0;
			shellPath = /bin/sh;
			shellScript = "diff \"${PODS_PODFILE_DIR_PATH}/Podfile.lock\" \"${PODS_ROOT}/Manifest.lock\" > /dev/null\nif [ $? != 0 ] ; then\n    # print error to STDERR\n    echo \"error: The sandbox is not in sync with the Podfile.lock. Run 'pod install' or update your CocoaPods installation.\" >&2\n    exit 1\nfi\n# This output is used by Xcode 'outputs' to avoid re-running this script phase.\necho \"SUCCESS\" > \"${SCRIPT_OUTPUT_FILE_0}\"\n";
			showEnvVarsInLog = 0;
		};
		7A123D73B42C64DD06054B08 /* [CP] Embed Pods Frameworks */ = {
			isa = PBXShellScriptBuildPhase;
			buildActionMask = 2147483647;
			files = (
			);
			inputFileListPaths = (
				"${PODS_ROOT}/Target Support Files/Pods-Youtube/Pods-Youtube-frameworks-${CONFIGURATION}-input-files.xcfilelist",
			);
			name = "[CP] Embed Pods Frameworks";
			outputFileListPaths = (
				"${PODS_ROOT}/Target Support Files/Pods-Youtube/Pods-Youtube-frameworks-${CONFIGURATION}-output-files.xcfilelist",
			);
			runOnlyForDeploymentPostprocessing = 0;
			shellPath = /bin/sh;
			shellScript = "\"${PODS_ROOT}/Target Support Files/Pods-Youtube/Pods-Youtube-frameworks.sh\"\n";
			showEnvVarsInLog = 0;
		};
		A1CF1745E3BF3A38A7F27DEF /* [CP] Check Pods Manifest.lock */ = {
			isa = PBXShellScriptBuildPhase;
			buildActionMask = 2147483647;
			files = (
			);
			inputFileListPaths = (
			);
			inputPaths = (
				"${PODS_PODFILE_DIR_PATH}/Podfile.lock",
				"${PODS_ROOT}/Manifest.lock",
			);
			name = "[CP] Check Pods Manifest.lock";
			outputFileListPaths = (
			);
			outputPaths = (
				"$(DERIVED_FILE_DIR)/Pods-YoutubeTests-checkManifestLockResult.txt",
			);
			runOnlyForDeploymentPostprocessing = 0;
			shellPath = /bin/sh;
			shellScript = "diff \"${PODS_PODFILE_DIR_PATH}/Podfile.lock\" \"${PODS_ROOT}/Manifest.lock\" > /dev/null\nif [ $? != 0 ] ; then\n    # print error to STDERR\n    echo \"error: The sandbox is not in sync with the Podfile.lock. Run 'pod install' or update your CocoaPods installation.\" >&2\n    exit 1\nfi\n# This output is used by Xcode 'outputs' to avoid re-running this script phase.\necho \"SUCCESS\" > \"${SCRIPT_OUTPUT_FILE_0}\"\n";
			showEnvVarsInLog = 0;
		};
/* End PBXShellScriptBuildPhase section */

/* Begin PBXSourcesBuildPhase section */
		B2343F552DBCA22000E7A24A /* Sources */ = {
			isa = PBXSourcesBuildPhase;
			buildActionMask = 2147483647;
			files = (
				B2343FE82DBD078F00E7A24A /* AppDelegate.swift in Sources */,
				B24925D92DBE87620072E556 /* RegisterViewController.swift in Sources */,
				B2343FE92DBD078F00E7A24A /* SceneDelegate.swift in Sources */,
				B2343FEA2DBD078F00E7A24A /* DetailViewController.swift in Sources */,
				B2343FEB2DBD078F00E7A24A /* HomeViewController.swift in Sources */,
				B2343FEC2DBD078F00E7A24A /* Video.swift in Sources */,
				B2343FED2DBD078F00E7A24A /* Constants.swift in Sources */,
				B2343FEE2DBD078F00E7A24A /* Model.swift in Sources */,
				B2343FEF2DBD078F00E7A24A /* Response.swift in Sources */,
				B24925D72DBE86150072E556 /* LoginViewController.swift in Sources */,
				B2343FF02DBD078F00E7A24A /* YoutubeTableViewCell.swift in Sources */,
			);
			runOnlyForDeploymentPostprocessing = 0;
		};
		B2343F6B2DBCA22200E7A24A /* Sources */ = {
			isa = PBXSourcesBuildPhase;
			buildActionMask = 2147483647;
			files = (
			);
			runOnlyForDeploymentPostprocessing = 0;
		};
		B2343F752DBCA22200E7A24A /* Sources */ = {
			isa = PBXSourcesBuildPhase;
			buildActionMask = 2147483647;
			files = (
			);
			runOnlyForDeploymentPostprocessing = 0;
		};
/* End PBXSourcesBuildPhase section */

/* Begin PBXTargetDependency section */
		B2343F712DBCA22200E7A24A /* PBXTargetDependency */ = {
			isa = PBXTargetDependency;
			target = B2343F582DBCA22000E7A24A /* Youtube */;
			targetProxy = B2343F702DBCA22200E7A24A /* PBXContainerItemProxy */;
		};
		B2343F7B2DBCA22200E7A24A /* PBXTargetDependency */ = {
			isa = PBXTargetDependency;
			target = B2343F582DBCA22000E7A24A /* Youtube */;
			targetProxy = B2343F7A2DBCA22200E7A24A /* PBXContainerItemProxy */;
		};
/* End PBXTargetDependency section */

/* Begin PBXVariantGroup section */
		B2343FDA2DBD078F00E7A24A /* LaunchScreen.storyboard */ = {
			isa = PBXVariantGroup;
			children = (
				B2343FD92DBD078F00E7A24A /* Base */,
			);
			name = LaunchScreen.storyboard;
			sourceTree = "<group>";
		};
/* End PBXVariantGroup section */

/* Begin XCBuildConfiguration section */
		B2343F832DBCA22200E7A24A /* Debug */ = {
			isa = XCBuildConfiguration;
			baseConfigurationReference = 7B25845EBAB8836B0B9300EB /* Pods-Youtube.debug.xcconfig */;
			buildSettings = {
				ASSETCATALOG_COMPILER_APPICON_NAME = AppIcon;
				ASSETCATALOG_COMPILER_GLOBAL_ACCENT_COLOR_NAME = AccentColor;
				CODE_SIGN_STYLE = Automatic;
				CURRENT_PROJECT_VERSION = 1;
				GENERATE_INFOPLIST_FILE = YES;
				INFOPLIST_FILE = Youtube/Info.plist;
				INFOPLIST_KEY_UIApplicationSupportsIndirectInputEvents = YES;
				INFOPLIST_KEY_UILaunchStoryboardName = LaunchScreen;
				INFOPLIST_KEY_UISupportedInterfaceOrientations_iPad = "UIInterfaceOrientationPortrait UIInterfaceOrientationPortraitUpsideDown UIInterfaceOrientationLandscapeLeft UIInterfaceOrientationLandscapeRight";
				INFOPLIST_KEY_UISupportedInterfaceOrientations_iPhone = "UIInterfaceOrientationPortrait UIInterfaceOrientationLandscapeLeft UIInterfaceOrientationLandscapeRight";
				LD_RUNPATH_SEARCH_PATHS = (
					"$(inherited)",
					"@executable_path/Frameworks",
				);
				MARKETING_VERSION = 1.0;
				PRODUCT_BUNDLE_IDENTIFIER = hau.Youtube;
				PRODUCT_NAME = "$(TARGET_NAME)";
				SWIFT_EMIT_LOC_STRINGS = YES;
				SWIFT_VERSION = 5.0;
				TARGETED_DEVICE_FAMILY = "1,2";
			};
			name = Debug;
		};
		B2343F842DBCA22200E7A24A /* Release */ = {
			isa = XCBuildConfiguration;
			baseConfigurationReference = 40357DD057C5937BFD867299 /* Pods-Youtube.release.xcconfig */;
			buildSettings = {
				ASSETCATALOG_COMPILER_APPICON_NAME = AppIcon;
				ASSETCATALOG_COMPILER_GLOBAL_ACCENT_COLOR_NAME = AccentColor;
				CODE_SIGN_STYLE = Automatic;
				CURRENT_PROJECT_VERSION = 1;
				GENERATE_INFOPLIST_FILE = YES;
				INFOPLIST_FILE = Youtube/Info.plist;
				INFOPLIST_KEY_UIApplicationSupportsIndirectInputEvents = YES;
				INFOPLIST_KEY_UILaunchStoryboardName = LaunchScreen;
				INFOPLIST_KEY_UISupportedInterfaceOrientations_iPad = "UIInterfaceOrientationPortrait UIInterfaceOrientationPortraitUpsideDown UIInterfaceOrientationLandscapeLeft UIInterfaceOrientationLandscapeRight";
				INFOPLIST_KEY_UISupportedInterfaceOrientations_iPhone = "UIInterfaceOrientationPortrait UIInterfaceOrientationLandscapeLeft UIInterfaceOrientationLandscapeRight";
				LD_RUNPATH_SEARCH_PATHS = (
					"$(inherited)",
					"@executable_path/Frameworks",
				);
				MARKETING_VERSION = 1.0;
				PRODUCT_BUNDLE_IDENTIFIER = hau.Youtube;
				PRODUCT_NAME = "$(TARGET_NAME)";
				SWIFT_EMIT_LOC_STRINGS = YES;
				SWIFT_VERSION = 5.0;
				TARGETED_DEVICE_FAMILY = "1,2";
			};
			name = Release;
		};
		B2343F852DBCA22200E7A24A /* Debug */ = {
			isa = XCBuildConfiguration;
			buildSettings = {
				ALWAYS_SEARCH_USER_PATHS = NO;
				ASSETCATALOG_COMPILER_GENERATE_SWIFT_ASSET_SYMBOL_EXTENSIONS = YES;
				CLANG_ANALYZER_NONNULL = YES;
				CLANG_ANALYZER_NUMBER_OBJECT_CONVERSION = YES_AGGRESSIVE;
				CLANG_CXX_LANGUAGE_STANDARD = "gnu++20";
				CLANG_ENABLE_MODULES = YES;
				CLANG_ENABLE_OBJC_ARC = YES;
				CLANG_ENABLE_OBJC_WEAK = YES;
				CLANG_WARN_BLOCK_CAPTURE_AUTORELEASING = YES;
				CLANG_WARN_BOOL_CONVERSION = YES;
				CLANG_WARN_COMMA = YES;
				CLANG_WARN_CONSTANT_CONVERSION = YES;
				CLANG_WARN_DEPRECATED_OBJC_IMPLEMENTATIONS = YES;
				CLANG_WARN_DIRECT_OBJC_ISA_USAGE = YES_ERROR;
				CLANG_WARN_DOCUMENTATION_COMMENTS = YES;
				CLANG_WARN_EMPTY_BODY = YES;
				CLANG_WARN_ENUM_CONVERSION = YES;
				CLANG_WARN_INFINITE_RECURSION = YES;
				CLANG_WARN_INT_CONVERSION = YES;
				CLANG_WARN_NON_LITERAL_NULL_CONVERSION = YES;
				CLANG_WARN_OBJC_IMPLICIT_RETAIN_SELF = YES;
				CLANG_WARN_OBJC_LITERAL_CONVERSION = YES;
				CLANG_WARN_OBJC_ROOT_CLASS = YES_ERROR;
				CLANG_WARN_QUOTED_INCLUDE_IN_FRAMEWORK_HEADER = YES;
				CLANG_WARN_RANGE_LOOP_ANALYSIS = YES;
				CLANG_WARN_STRICT_PROTOTYPES = YES;
				CLANG_WARN_SUSPICIOUS_MOVE = YES;
				CLANG_WARN_UNGUARDED_AVAILABILITY = YES_AGGRESSIVE;
				CLANG_WARN_UNREACHABLE_CODE = YES;
				CLANG_WARN__DUPLICATE_METHOD_MATCH = YES;
				COPY_PHASE_STRIP = NO;
				DEBUG_INFORMATION_FORMAT = dwarf;
				ENABLE_STRICT_OBJC_MSGSEND = YES;
				ENABLE_TESTABILITY = YES;
				ENABLE_USER_SCRIPT_SANDBOXING = NO;
				GCC_C_LANGUAGE_STANDARD = gnu17;
				GCC_DYNAMIC_NO_PIC = NO;
				GCC_NO_COMMON_BLOCKS = YES;
				GCC_OPTIMIZATION_LEVEL = 0;
				GCC_PREPROCESSOR_DEFINITIONS = (
					"DEBUG=1",
					"$(inherited)",
				);
				GCC_WARN_64_TO_32_BIT_CONVERSION = YES;
				GCC_WARN_ABOUT_RETURN_TYPE = YES_ERROR;
				GCC_WARN_UNDECLARED_SELECTOR = YES;
				GCC_WARN_UNINITIALIZED_AUTOS = YES_AGGRESSIVE;
				GCC_WARN_UNUSED_FUNCTION = YES;
				GCC_WARN_UNUSED_VARIABLE = YES;
				IPHONEOS_DEPLOYMENT_TARGET = 18.2;
				LOCALIZATION_PREFERS_STRING_CATALOGS = YES;
				MTL_ENABLE_DEBUG_INFO = INCLUDE_SOURCE;
				MTL_FAST_MATH = YES;
				ONLY_ACTIVE_ARCH = YES;
				SDKROOT = iphoneos;
				SWIFT_ACTIVE_COMPILATION_CONDITIONS = "DEBUG $(inherited)";
				SWIFT_OPTIMIZATION_LEVEL = "-Onone";
			};
			name = Debug;
		};
		B2343F862DBCA22200E7A24A /* Release */ = {
			isa = XCBuildConfiguration;
			buildSettings = {
				ALWAYS_SEARCH_USER_PATHS = NO;
				ASSETCATALOG_COMPILER_GENERATE_SWIFT_ASSET_SYMBOL_EXTENSIONS = YES;
				CLANG_ANALYZER_NONNULL = YES;
				CLANG_ANALYZER_NUMBER_OBJECT_CONVERSION = YES_AGGRESSIVE;
				CLANG_CXX_LANGUAGE_STANDARD = "gnu++20";
				CLANG_ENABLE_MODULES = YES;
				CLANG_ENABLE_OBJC_ARC = YES;
				CLANG_ENABLE_OBJC_WEAK = YES;
				CLANG_WARN_BLOCK_CAPTURE_AUTORELEASING = YES;
				CLANG_WARN_BOOL_CONVERSION = YES;
				CLANG_WARN_COMMA = YES;
				CLANG_WARN_CONSTANT_CONVERSION = YES;
				CLANG_WARN_DEPRECATED_OBJC_IMPLEMENTATIONS = YES;
				CLANG_WARN_DIRECT_OBJC_ISA_USAGE = YES_ERROR;
				CLANG_WARN_DOCUMENTATION_COMMENTS = YES;
				CLANG_WARN_EMPTY_BODY = YES;
				CLANG_WARN_ENUM_CONVERSION = YES;
				CLANG_WARN_INFINITE_RECURSION = YES;
				CLANG_WARN_INT_CONVERSION = YES;
				CLANG_WARN_NON_LITERAL_NULL_CONVERSION = YES;
				CLANG_WARN_OBJC_IMPLICIT_RETAIN_SELF = YES;
				CLANG_WARN_OBJC_LITERAL_CONVERSION = YES;
				CLANG_WARN_OBJC_ROOT_CLASS = YES_ERROR;
				CLANG_WARN_QUOTED_INCLUDE_IN_FRAMEWORK_HEADER = YES;
				CLANG_WARN_RANGE_LOOP_ANALYSIS = YES;
				CLANG_WARN_STRICT_PROTOTYPES = YES;
				CLANG_WARN_SUSPICIOUS_MOVE = YES;
				CLANG_WARN_UNGUARDED_AVAILABILITY = YES_AGGRESSIVE;
				CLANG_WARN_UNREACHABLE_CODE = YES;
				CLANG_WARN__DUPLICATE_METHOD_MATCH = YES;
				COPY_PHASE_STRIP = NO;
				DEBUG_INFORMATION_FORMAT = "dwarf-with-dsym";
				ENABLE_NS_ASSERTIONS = NO;
				ENABLE_STRICT_OBJC_MSGSEND = YES;
				ENABLE_USER_SCRIPT_SANDBOXING = NO;
				GCC_C_LANGUAGE_STANDARD = gnu17;
				GCC_NO_COMMON_BLOCKS = YES;
				GCC_WARN_64_TO_32_BIT_CONVERSION = YES;
				GCC_WARN_ABOUT_RETURN_TYPE = YES_ERROR;
				GCC_WARN_UNDECLARED_SELECTOR = YES;
				GCC_WARN_UNINITIALIZED_AUTOS = YES_AGGRESSIVE;
				GCC_WARN_UNUSED_FUNCTION = YES;
				GCC_WARN_UNUSED_VARIABLE = YES;
				IPHONEOS_DEPLOYMENT_TARGET = 18.2;
				LOCALIZATION_PREFERS_STRING_CATALOGS = YES;
				MTL_ENABLE_DEBUG_INFO = NO;
				MTL_FAST_MATH = YES;
				SDKROOT = iphoneos;
				SWIFT_COMPILATION_MODE = wholemodule;
				VALIDATE_PRODUCT = YES;
			};
			name = Release;
		};
		B2343F882DBCA22200E7A24A /* Debug */ = {
			isa = XCBuildConfiguration;
			baseConfigurationReference = FA935F864F203FAAB9E976F0 /* Pods-YoutubeTests.debug.xcconfig */;
			buildSettings = {
				BUNDLE_LOADER = "$(TEST_HOST)";
				CODE_SIGN_STYLE = Automatic;
				CURRENT_PROJECT_VERSION = 1;
				GENERATE_INFOPLIST_FILE = YES;
				IPHONEOS_DEPLOYMENT_TARGET = 18.2;
				MARKETING_VERSION = 1.0;
				PRODUCT_BUNDLE_IDENTIFIER = hau.YoutubeTests;
				PRODUCT_NAME = "$(TARGET_NAME)";
				SWIFT_EMIT_LOC_STRINGS = NO;
				SWIFT_VERSION = 5.0;
				TARGETED_DEVICE_FAMILY = "1,2";
				TEST_HOST = "$(BUILT_PRODUCTS_DIR)/Youtube.app/$(BUNDLE_EXECUTABLE_FOLDER_PATH)/Youtube";
			};
			name = Debug;
		};
		B2343F892DBCA22200E7A24A /* Release */ = {
			isa = XCBuildConfiguration;
			baseConfigurationReference = F2782801857AFC9995957086 /* Pods-YoutubeTests.release.xcconfig */;
			buildSettings = {
				BUNDLE_LOADER = "$(TEST_HOST)";
				CODE_SIGN_STYLE = Automatic;
				CURRENT_PROJECT_VERSION = 1;
				GENERATE_INFOPLIST_FILE = YES;
				IPHONEOS_DEPLOYMENT_TARGET = 18.2;
				MARKETING_VERSION = 1.0;
				PRODUCT_BUNDLE_IDENTIFIER = hau.YoutubeTests;
				PRODUCT_NAME = "$(TARGET_NAME)";
				SWIFT_EMIT_LOC_STRINGS = NO;
				SWIFT_VERSION = 5.0;
				TARGETED_DEVICE_FAMILY = "1,2";
				TEST_HOST = "$(BUILT_PRODUCTS_DIR)/Youtube.app/$(BUNDLE_EXECUTABLE_FOLDER_PATH)/Youtube";
			};
			name = Release;
		};
		B2343F8B2DBCA22200E7A24A /* Debug */ = {
			isa = XCBuildConfiguration;
			baseConfigurationReference = 1FB208FC6197495ED7517130 /* Pods-YoutubeUITests.debug.xcconfig */;
			buildSettings = {
				CODE_SIGN_STYLE = Automatic;
				CURRENT_PROJECT_VERSION = 1;
				GENERATE_INFOPLIST_FILE = YES;
				MARKETING_VERSION = 1.0;
				PRODUCT_BUNDLE_IDENTIFIER = hau.YoutubeUITests;
				PRODUCT_NAME = "$(TARGET_NAME)";
				SWIFT_EMIT_LOC_STRINGS = NO;
				SWIFT_VERSION = 5.0;
				TARGETED_DEVICE_FAMILY = "1,2";
				TEST_TARGET_NAME = Youtube;
			};
			name = Debug;
		};
		B2343F8C2DBCA22200E7A24A /* Release */ = {
			isa = XCBuildConfiguration;
			baseConfigurationReference = CEDBFEDBF591720EA30FF210 /* Pods-YoutubeUITests.release.xcconfig */;
			buildSettings = {
				CODE_SIGN_STYLE = Automatic;
				CURRENT_PROJECT_VERSION = 1;
				GENERATE_INFOPLIST_FILE = YES;
				MARKETING_VERSION = 1.0;
				PRODUCT_BUNDLE_IDENTIFIER = hau.YoutubeUITests;
				PRODUCT_NAME = "$(TARGET_NAME)";
				SWIFT_EMIT_LOC_STRINGS = NO;
				SWIFT_VERSION = 5.0;
				TARGETED_DEVICE_FAMILY = "1,2";
				TEST_TARGET_NAME = Youtube;
			};
			name = Release;
		};
/* End XCBuildConfiguration section */

/* Begin XCConfigurationList section */
		B2343F542DBCA22000E7A24A /* Build configuration list for PBXProject "Youtube" */ = {
			isa = XCConfigurationList;
			buildConfigurations = (
				B2343F852DBCA22200E7A24A /* Debug */,
				B2343F862DBCA22200E7A24A /* Release */,
			);
			defaultConfigurationIsVisible = 0;
			defaultConfigurationName = Release;
		};
		B2343F822DBCA22200E7A24A /* Build configuration list for PBXNativeTarget "Youtube" */ = {
			isa = XCConfigurationList;
			buildConfigurations = (
				B2343F832DBCA22200E7A24A /* Debug */,
				B2343F842DBCA22200E7A24A /* Release */,
			);
			defaultConfigurationIsVisible = 0;
			defaultConfigurationName = Release;
		};
		B2343F872DBCA22200E7A24A /* Build configuration list for PBXNativeTarget "YoutubeTests" */ = {
			isa = XCConfigurationList;
			buildConfigurations = (
				B2343F882DBCA22200E7A24A /* Debug */,
				B2343F892DBCA22200E7A24A /* Release */,
			);
			defaultConfigurationIsVisible = 0;
			defaultConfigurationName = Release;
		};
		B2343F8A2DBCA22200E7A24A /* Build configuration list for PBXNativeTarget "YoutubeUITests" */ = {
			isa = XCConfigurationList;
			buildConfigurations = (
				B2343F8B2DBCA22200E7A24A /* Debug */,
				B2343F8C2DBCA22200E7A24A /* Release */,
			);
			defaultConfigurationIsVisible = 0;
			defaultConfigurationName = Release;
		};
/* End XCConfigurationList section */
	};
	rootObject = B2343F512DBCA22000E7A24A /* Project object */;
}
